
Microsoft Visual Studio Solution File, Format Version 12.00
# Visual Studio Version 16
VisualStudioVersion = 25.0.1700.0
MinimumVisualStudioVersion = 10.0.40219.1
Project("{FAE04EC0-301F-11D3-BF4B-00C04F79EFBC}") = "halloween-party", "halloween-party\halloween-party.csproj", "{C5CA2B61-C79F-474E-99FD-AC19D38860F3}"
EndProject
Global
	GlobalSection(SolutionConfigurationPlatforms) = preSolution
		Debug|Any CPU = Debug|Any CPU
		Release|Any CPU = Release|Any CPU
	EndGlobalSection
	GlobalSection(ProjectConfigurationPlatforms) = postSolution
		{C5CA2B61-C79F-474E-99FD-AC19D38860F3}.Debug|Any CPU.ActiveCfg = Debug|Any CPU
		{C5CA2B61-C79F-474E-99FD-AC19D38860F3}.Debug|Any CPU.Build.0 = Debug|Any CPU
		{C5CA2B61-C79F-474E-99FD-AC19D38860F3}.Release|Any CPU.ActiveCfg = Release|Any CPU
		{C5CA2B61-C79F-474E-99FD-AC19D38860F3}.Release|Any CPU.Build.0 = Release|Any CPU
	EndGlobalSection
	GlobalSection(SolutionProperties) = preSolution
		HideSolutionNode = FALSE
	EndGlobalSection
	GlobalSection(ExtensibilityGlobals) = postSolution
		SolutionGuid = {BEE38155-6D88-415C-9F54-0F5A9DBE536B}
	EndGlobalSection
EndGlobal
